
Microsoft Visual Studio Solution File, Format Version 12.00
# Visual Studio Version 16
VisualStudioVersion = 25.0.1706.0
MinimumVisualStudioVersion = 10.0.40219.1
Project("{FAE04EC0-301F-11D3-BF4B-00C04F79EFBC}") = "codecademy-learncsharp", "codecademy-learncsharp\codecademy-learncsharp.csproj", "{FB5E9AB3-C25D-42BF-845A-2652ADF5357E}"
EndProject
Global
	GlobalSection(SolutionConfigurationPlatforms) = preSolution
		Debug|Any CPU = Debug|Any CPU
		Release|Any CPU = Release|Any CPU
	EndGlobalSection
	GlobalSection(ProjectConfigurationPlatforms) = postSolution
		{FB5E9AB3-C25D-42BF-845A-2652ADF5357E}.Debug|Any CPU.ActiveCfg = Debug|Any CPU
		{FB5E9AB3-C25D-42BF-845A-2652ADF5357E}.Debug|Any CPU.Build.0 = Debug|Any CPU
		{FB5E9AB3-C25D-42BF-845A-2652ADF5357E}.Release|Any CPU.ActiveCfg = Release|Any CPU
		{FB5E9AB3-C25D-42BF-845A-2652ADF5357E}.Release|Any CPU.Build.0 = Release|Any CPU
	EndGlobalSection
	GlobalSection(SolutionProperties) = preSolution
		HideSolutionNode = FALSE
	EndGlobalSection
	GlobalSection(ExtensibilityGlobals) = postSolution
		SolutionGuid = {56E712ED-F44A-4C56-9041-007502B2614A}
	EndGlobalSection
EndGlobal
